Global
    GlobalSection(SolutionConfigurationPlatforms) = preSolution
        Debug|Any CPU = Debug|Any CPU
        Debug|x64 = Debug|x64
        Debug|x86 = Debug|x86
        Release|Any CPU = Release|Any CPU
        Release|x64 = Release|x64
        Release|x86 = Release|x86
    EndGlobalSection

    GlobalSection(ProjectConfigurationPlatforms) = postSolution
        ...
        [all project configuration entries]
        ...
    EndGlobalSection

    GlobalSection(SolutionProperties) = preSolution
        HideSolutionNode = FALSE
    EndGlobalSection
EndGlobal